
Microsoft Visual Studio Solution File, Format Version 12.00
# Visual Studio Version 17
VisualStudioVersion = 17.9.34728.123
MinimumVisualStudioVersion = 10.0.40219.1
Project("{FAE04EC0-301F-11D3-BF4B-00C04F79EFBC}") = "GameMenu", "GameMenu.csproj", "{281D5F70-773D-4CAE-A1BE-0C977F3586F4}"
EndProject
Global
	GlobalSection(SolutionConfigurationPlatforms) = preSolution
		Debug|Any CPU = Debug|Any CPU
		Release|Any CPU = Release|Any CPU
	EndGlobalSection
	GlobalSection(ProjectConfigurationPlatforms) = postSolution
		{281D5F70-773D-4CAE-A1BE-0C977F3586F4}.Debug|Any CPU.ActiveCfg = Debug|Any CPU
		{281D5F70-773D-4CAE-A1BE-0C977F3586F4}.Debug|Any CPU.Build.0 = Debug|Any CPU
		{281D5F70-773D-4CAE-A1BE-0C977F3586F4}.Release|Any CPU.ActiveCfg = Release|Any CPU
		{281D5F70-773D-4CAE-A1BE-0C977F3586F4}.Release|Any CPU.Build.0 = Release|Any CPU
	EndGlobalSection
	GlobalSection(SolutionProperties) = preSolution
		HideSolutionNode = FALSE
	EndGlobalSection
	GlobalSection(ExtensibilityGlobals) = postSolution
		SolutionGuid = {14684A1D-0FB6-4122-A5E7-7BA017FD38B9}
	EndGlobalSection
EndGlobal
